{
  "name": "generic-relayer-template",
  "version": "1.0.0",
  "lockfileVersion": 3,
  "requires": true,
  "packages": {
    "": {
      "name": "generic-relayer-template",
      "version": "1.0.0",
      "license": "ISC",
      "dependencies": {
        "@openzeppelin/contracts": "^5.0.0",
        "@openzeppelin/contracts-upgradeable": "^5.0.0",
        "@zk-email/contracts": "^6.1.5",
        "@zk-email/ether-email-auth-contracts": "^0.0.2-preview"
      }
    },
    "node_modules/@openzeppelin/contracts": {
      "version": "5.0.0",
      "resolved": "https://registry.npmjs.org/@openzeppelin/contracts/-/contracts-5.0.0.tgz",
      "integrity": "sha512-bv2sdS6LKqVVMLI5+zqnNrNU/CA+6z6CmwFXm/MzmOPBRSO5reEJN7z0Gbzvs0/bv/MZZXNklubpwy3v2+azsw=="
    },
    "node_modules/@openzeppelin/contracts-upgradeable": {
      "version": "5.0.0",
      "resolved": "https://registry.npmjs.org/@openzeppelin/contracts-upgradeable/-/contracts-upgradeable-5.0.0.tgz",
      "integrity": "sha512-D54RHzkOKHQ8xUssPgQe2d/U92mwaiBDY7qCCVGq6VqwQjsT3KekEQ3bonev+BLP30oZ0R1U6YC8/oLpizgC5Q==",
      "peerDependencies": {
        "@openzeppelin/contracts": "5.0.0"
      }
    },
    "node_modules/@zk-email/contracts": {
      "version": "6.1.5",
      "resolved": "https://registry.npmjs.org/@zk-email/contracts/-/contracts-6.1.5.tgz",
      "integrity": "sha512-1RW3dpYGBQXjmIlcTGMtYsux7FQoR1MezA0D0pssrNEaCO2CuQd6oAxJLpbCxFQWPbujLKn8PiEVcjP+eiGvVw==",
      "dependencies": {
        "@openzeppelin/contracts": "^5.0.0",
        "dotenv": "^16.3.1"
      }
    },
    "node_modules/@zk-email/ether-email-auth-contracts": {
      "version": "0.0.2-preview",
      "resolved": "https://registry.npmjs.org/@zk-email/ether-email-auth-contracts/-/ether-email-auth-contracts-0.0.2-preview.tgz",
      "integrity": "sha512-ZITqmhdcxuICd/4sU1z8a2w04p2LWIOMl0FOX4j04gBz17k0hYsGcbNQl41FIqLQRTBVc+AZ8DMuegFO6/T2jQ==",
      "dependencies": {
        "@matterlabs/zksync-contracts": "^0.6.1",
        "@openzeppelin/contracts": "^5.0.0",
        "@openzeppelin/contracts-upgradeable": "^5.0.0",
        "@zk-email/contracts": "^6.1.5",
        "solady": "^0.0.123"
      }
    },
    "node_modules/@zk-email/ether-email-auth-contracts/node_modules/@matterlabs/zksync-contracts": {
      "version": "0.6.1",
      "resolved": "https://registry.npmjs.org/@matterlabs/zksync-contracts/-/zksync-contracts-0.6.1.tgz",
      "integrity": "sha512-+hucLw4DhGmTmQlXOTEtpboYCaOm/X2VJcWmnW4abNcOgQXEHX+mTxQrxEfPjIZT0ZE6z5FTUrOK9+RgUZwBMQ==",
      "peerDependencies": {
        "@openzeppelin/contracts": "4.6.0",
        "@openzeppelin/contracts-upgradeable": "4.6.0"
      }
    },
    "node_modules/dotenv": {
      "version": "16.4.5",
      "resolved": "https://registry.npmjs.org/dotenv/-/dotenv-16.4.5.tgz",
      "integrity": "sha512-ZmdL2rui+eB2YwhsWzjInR8LldtZHGDoQ1ugH85ppHKwpUHL7j7rN0Ti9NCnGiQbhaZ11FpR+7ao1dNsmduNUg==",
      "engines": {
        "node": ">=12"
      },
      "funding": {
        "url": "https://dotenvx.com"
      }
    },
    "node_modules/solady": {
      "version": "0.0.123",
      "resolved": "https://registry.npmjs.org/solady/-/solady-0.0.123.tgz",
      "integrity": "sha512-F/B8OMCplGsS4FrdPrnEG0xdg8HKede5PwC+Rum8soj/LWxfKckA0p+Uwnlbgey2iI82IHvmSOCNhsdbA+lUrw=="
    }
  }
}
